
Microsoft Visual Studio Solution File, Format Version 12.00
# Visual Studio 15
VisualStudioVersion = 15.0.28307.572
MinimumVisualStudioVersion = 10.0.40219.1
Project("{FAE04EC0-301F-11D3-BF4B-00C04F79EFBC}") = "Xamurai.iOS", "Xamurai.iOS\Xamurai.iOS.csproj", "{B27A7460-CA2B-466B-BC3C-5257EE222A98}"
EndProject
Project("{FAE04EC0-301F-11D3-BF4B-00C04F79EFBC}") = "Xamurai.UWP", "Xamurai.UWP\Xamurai.UWP.csproj", "{C2E4FBC8-D2B5-4714-9092-48E301382BC9}"
EndProject
Project("{9A19103F-16F7-4668-BE54-9A1E7A4F7556}") = "Xamurai", "Xamurai\Xamurai.csproj", "{0091344A-DE83-4811-8BB3-F53B88096071}"
EndProject
Project("{FAE04EC0-301F-11D3-BF4B-00C04F79EFBC}") = "Xamurai.Android", "Xamurai.Android\Xamurai.Android.csproj", "{2B646F88-8011-4F07-99AB-47D986C6C215}"
EndProject
Global
	GlobalSection(SolutionConfigurationPlatforms) = preSolution
		Ad-Hoc|Any CPU = Ad-Hoc|Any CPU
		Ad-Hoc|ARM = Ad-Hoc|ARM
		Ad-Hoc|iPhone = Ad-Hoc|iPhone
		Ad-Hoc|iPhoneSimulator = Ad-Hoc|iPhoneSimulator
		Ad-Hoc|x64 = Ad-Hoc|x64
		Ad-Hoc|x86 = Ad-Hoc|x86
		AppStore|Any CPU = AppStore|Any CPU
		AppStore|ARM = AppStore|ARM
		AppStore|iPhone = AppStore|iPhone
		AppStore|iPhoneSimulator = AppStore|iPhoneSimulator
		AppStore|x64 = AppStore|x64
		AppStore|x86 = AppStore|x86
		Debug|Any CPU = Debug|Any CPU
		Debug|ARM = Debug|ARM
		Debug|iPhone = Debug|iPhone
		Debug|iPhoneSimulator = Debug|iPhoneSimulator
		Debug|x64 = Debug|x64
		Debug|x86 = Debug|x86
		Release|Any CPU = Release|Any CPU
		Release|ARM = Release|ARM
		Release|iPhone = Release|iPhone
		Release|iPhoneSimulator = Release|iPhoneSimulator
		Release|x64 = Release|x64
		Release|x86 = Release|x86
	EndGlobalSection
	GlobalSection(ProjectConfigurationPlatforms) = postSolution
		{B27A7460-CA2B-466B-BC3C-5257EE222A98}.Ad-Hoc|Any CPU.ActiveCfg = Ad-Hoc|iPhone
		{B27A7460-CA2B-466B-BC3C-5257EE222A98}.Ad-Hoc|Any CPU.Build.0 = Ad-Hoc|iPhone
		{B27A7460-CA2B-466B-BC3C-5257EE222A98}.Ad-Hoc|Any CPU.Deploy.0 = Ad-Hoc|iPhone
		{B27A7460-CA2B-466B-BC3C-5257EE222A98}.Ad-Hoc|ARM.ActiveCfg = Ad-Hoc|iPhone
		{B27A7460-CA2B-466B-BC3C-5257EE222A98}.Ad-Hoc|ARM.Build.0 = Ad-Hoc|iPhone
		{B27A7460-CA2B-466B-BC3C-5257EE222A98}.Ad-Hoc|ARM.Deploy.0 = Ad-Hoc|iPhone
		{B27A7460-CA2B-466B-BC3C-5257EE222A98}.Ad-Hoc|iPhone.ActiveCfg = Ad-Hoc|iPhone
		{B27A7460-CA2B-466B-BC3C-5257EE222A98}.Ad-Hoc|iPhone.Build.0 = Ad-Hoc|iPhone
		{B27A7460-CA2B-466B-BC3C-5257EE222A98}.Ad-Hoc|iPhone.Deploy.0 = Ad-Hoc|iPhone
		{B27A7460-CA2B-466B-BC3C-5257EE222A98}.Ad-Hoc|iPhoneSimulator.ActiveCfg = Ad-Hoc|iPhoneSimulator
		{B27A7460-CA2B-466B-BC3C-5257EE222A98}.Ad-Hoc|iPhoneSimulator.Build.0 = Ad-Hoc|iPhoneSimulator
		{B27A7460-CA2B-466B-BC3C-5257EE222A98}.Ad-Hoc|iPhoneSimulator.Deploy.0 = Ad-Hoc|iPhoneSimulator
		{B27A7460-CA2B-466B-BC3C-5257EE222A98}.Ad-Hoc|x64.ActiveCfg = Ad-Hoc|iPhone
		{B27A7460-CA2B-466B-BC3C-5257EE222A98}.Ad-Hoc|x64.Build.0 = Ad-Hoc|iPhone
		{B27A7460-CA2B-466B-BC3C-5257EE222A98}.Ad-Hoc|x64.Deploy.0 = Ad-Hoc|iPhone
		{B27A7460-CA2B-466B-BC3C-5257EE222A98}.Ad-Hoc|x86.ActiveCfg = Ad-Hoc|iPhone
		{B27A7460-CA2B-466B-BC3C-5257EE222A98}.Ad-Hoc|x86.Build.0 = Ad-Hoc|iPhone
		{B27A7460-CA2B-466B-BC3C-5257EE222A98}.Ad-Hoc|x86.Deploy.0 = Ad-Hoc|iPhone
		{B27A7460-CA2B-466B-BC3C-5257EE222A98}.AppStore|Any CPU.ActiveCfg = AppStore|iPhone
		{B27A7460-CA2B-466B-BC3C-5257EE222A98}.AppStore|Any CPU.Build.0 = AppStore|iPhone
		{B27A7460-CA2B-466B-BC3C-5257EE222A98}.AppStore|Any CPU.Deploy.0 = AppStore|iPhone
		{B27A7460-CA2B-466B-BC3C-5257EE222A98}.AppStore|ARM.ActiveCfg = AppStore|iPhone
		{B27A7460-CA2B-466B-BC3C-5257EE222A98}.AppStore|ARM.Build.0 = AppStore|iPhone
		{B27A7460-CA2B-466B-BC3C-5257EE222A98}.AppStore|ARM.Deploy.0 = AppStore|iPhone
		{B27A7460-CA2B-466B-BC3C-5257EE222A98}.AppStore|iPhone.ActiveCfg = AppStore|iPhone
		{B27A7460-CA2B-466B-BC3C-5257EE222A98}.AppStore|iPhone.Build.0 = AppStore|iPhone
		{B27A7460-CA2B-466B-BC3C-5257EE222A98}.AppStore|iPhone.Deploy.0 = AppStore|iPhone
		{B27A7460-CA2B-466B-BC3C-5257EE222A98}.AppStore|iPhoneSimulator.ActiveCfg = AppStore|iPhoneSimulator
		{B27A7460-CA2B-466B-BC3C-5257EE222A98}.AppStore|iPhoneSimulator.Build.0 = AppStore|iPhoneSimulator
		{B27A7460-CA2B-466B-BC3C-5257EE222A98}.AppStore|iPhoneSimulator.Deploy.0 = AppStore|iPhoneSimulator
		{B27A7460-CA2B-466B-BC3C-5257EE222A98}.AppStore|x64.ActiveCfg = AppStore|iPhone
		{B27A7460-CA2B-466B-BC3C-5257EE222A98}.AppStore|x64.Build.0 = AppStore|iPhone
		{B27A7460-CA2B-466B-BC3C-5257EE222A98}.AppStore|x64.Deploy.0 = AppStore|iPhone
		{B27A7460-CA2B-466B-BC3C-5257EE222A98}.AppStore|x86.ActiveCfg = AppStore|iPhone
		{B27A7460-CA2B-466B-BC3C-5257EE222A98}.AppStore|x86.Build.0 = AppStore|iPhone
		{B27A7460-CA2B-466B-BC3C-5257EE222A98}.AppStore|x86.Deploy.0 = AppStore|iPhone
		{B27A7460-CA2B-466B-BC3C-5257EE222A98}.Debug|Any CPU.ActiveCfg = Debug|iPhoneSimulator
		{B27A7460-CA2B-466B-BC3C-5257EE222A98}.Debug|Any CPU.Build.0 = Debug|iPhoneSimulator
		{B27A7460-CA2B-466B-BC3C-5257EE222A98}.Debug|Any CPU.Deploy.0 = Debug|iPhoneSimulator
		{B27A7460-CA2B-466B-BC3C-5257EE222A98}.Debug|ARM.ActiveCfg = Debug|iPhone
		{B27A7460-CA2B-466B-BC3C-5257EE222A98}.Debug|ARM.Build.0 = Debug|iPhone
		{B27A7460-CA2B-466B-BC3C-5257EE222A98}.Debug|ARM.Deploy.0 = Debug|iPhone
		{B27A7460-CA2B-466B-BC3C-5257EE222A98}.Debug|iPhone.ActiveCfg = Debug|iPhone
		{B27A7460-CA2B-466B-BC3C-5257EE222A98}.Debug|iPhone.Build.0 = Debug|iPhone
		{B27A7460-CA2B-466B-BC3C-5257EE222A98}.Debug|iPhone.Deploy.0 = Debug|iPhone
		{B27A7460-CA2B-466B-BC3C-5257EE222A98}.Debug|iPhoneSimulator.ActiveCfg = Debug|iPhoneSimulator
		{B27A7460-CA2B-466B-BC3C-5257EE222A98}.Debug|iPhoneSimulator.Build.0 = Debug|iPhoneSimulator
		{B27A7460-CA2B-466B-BC3C-5257EE222A98}.Debug|iPhoneSimulator.Deploy.0 = Debug|iPhoneSimulator
		{B27A7460-CA2B-466B-BC3C-5257EE222A98}.Debug|x64.ActiveCfg = Debug|iPhone
		{B27A7460-CA2B-466B-BC3C-5257EE222A98}.Debug|x64.Build.0 = Debug|iPhone
		{B27A7460-CA2B-466B-BC3C-5257EE222A98}.Debug|x64.Deploy.0 = Debug|iPhone
		{B27A7460-CA2B-466B-BC3C-5257EE222A98}.Debug|x86.ActiveCfg = Debug|iPhone
		{B27A7460-CA2B-466B-BC3C-5257EE222A98}.Debug|x86.Build.0 = Debug|iPhone
		{B27A7460-CA2B-466B-BC3C-5257EE222A98}.Debug|x86.Deploy.0 = Debug|iPhone
		{B27A7460-CA2B-466B-BC3C-5257EE222A98}.Release|Any CPU.ActiveCfg = Release|iPhone
		{B27A7460-CA2B-466B-BC3C-5257EE222A98}.Release|Any CPU.Build.0 = Release|iPhone
		{B27A7460-CA2B-466B-BC3C-5257EE222A98}.Release|Any CPU.Deploy.0 = Release|iPhone
		{B27A7460-CA2B-466B-BC3C-5257EE222A98}.Release|ARM.ActiveCfg = Release|iPhone
		{B27A7460-CA2B-466B-BC3C-5257EE222A98}.Release|ARM.Build.0 = Release|iPhone
		{B27A7460-CA2B-466B-BC3C-5257EE222A98}.Release|ARM.Deploy.0 = Release|iPhone
		{B27A7460-CA2B-466B-BC3C-5257EE222A98}.Release|iPhone.ActiveCfg = Release|iPhone
		{B27A7460-CA2B-466B-BC3C-5257EE222A98}.Release|iPhone.Build.0 = Release|iPhone
		{B27A7460-CA2B-466B-BC3C-5257EE222A98}.Release|iPhone.Deploy.0 = Release|iPhone
		{B27A7460-CA2B-466B-BC3C-5257EE222A98}.Release|iPhoneSimulator.ActiveCfg = Release|iPhoneSimulator
		{B27A7460-CA2B-466B-BC3C-5257EE222A98}.Release|iPhoneSimulator.Build.0 = Release|iPhoneSimulator
		{B27A7460-CA2B-466B-BC3C-5257EE222A98}.Release|iPhoneSimulator.Deploy.0 = Release|iPhoneSimulator
		{B27A7460-CA2B-466B-BC3C-5257EE222A98}.Release|x64.ActiveCfg = Release|iPhone
		{B27A7460-CA2B-466B-BC3C-5257EE222A98}.Release|x64.Build.0 = Release|iPhone
		{B27A7460-CA2B-466B-BC3C-5257EE222A98}.Release|x64.Deploy.0 = Release|iPhone
		{B27A7460-CA2B-466B-BC3C-5257EE222A98}.Release|x86.ActiveCfg = Release|iPhone
		{B27A7460-CA2B-466B-BC3C-5257EE222A98}.Release|x86.Build.0 = Release|iPhone
		{B27A7460-CA2B-466B-BC3C-5257EE222A98}.Release|x86.Deploy.0 = Release|iPhone
		{C2E4FBC8-D2B5-4714-9092-48E301382BC9}.Ad-Hoc|Any CPU.ActiveCfg = Release|x86
		{C2E4FBC8-D2B5-4714-9092-48E301382BC9}.Ad-Hoc|Any CPU.Build.0 = Release|x86
		{C2E4FBC8-D2B5-4714-9092-48E301382BC9}.Ad-Hoc|Any CPU.Deploy.0 = Release|x86
		{C2E4FBC8-D2B5-4714-9092-48E301382BC9}.Ad-Hoc|ARM.ActiveCfg = Release|ARM
		{C2E4FBC8-D2B5-4714-9092-48E301382BC9}.Ad-Hoc|ARM.Build.0 = Release|ARM
		{C2E4FBC8-D2B5-4714-9092-48E301382BC9}.Ad-Hoc|ARM.Deploy.0 = Release|ARM
		{C2E4FBC8-D2B5-4714-9092-48E301382BC9}.Ad-Hoc|iPhone.ActiveCfg = Release|x86
		{C2E4FBC8-D2B5-4714-9092-48E301382BC9}.Ad-Hoc|iPhone.Build.0 = Release|x86
		{C2E4FBC8-D2B5-4714-9092-48E301382BC9}.Ad-Hoc|iPhone.Deploy.0 = Release|x86
		{C2E4FBC8-D2B5-4714-9092-48E301382BC9}.Ad-Hoc|iPhoneSimulator.ActiveCfg = Release|x86
		{C2E4FBC8-D2B5-4714-9092-48E301382BC9}.Ad-Hoc|iPhoneSimulator.Build.0 = Release|x86
		{C2E4FBC8-D2B5-4714-9092-48E301382BC9}.Ad-Hoc|iPhoneSimulator.Deploy.0 = Release|x86
		{C2E4FBC8-D2B5-4714-9092-48E301382BC9}.Ad-Hoc|x64.ActiveCfg = Release|x64
		{C2E4FBC8-D2B5-4714-9092-48E301382BC9}.Ad-Hoc|x64.Build.0 = Release|x64
		{C2E4FBC8-D2B5-4714-9092-48E301382BC9}.Ad-Hoc|x64.Deploy.0 = Release|x64
		{C2E4FBC8-D2B5-4714-9092-48E301382BC9}.Ad-Hoc|x86.ActiveCfg = Release|x86
		{C2E4FBC8-D2B5-4714-9092-48E301382BC9}.Ad-Hoc|x86.Build.0 = Release|x86
		{C2E4FBC8-D2B5-4714-9092-48E301382BC9}.Ad-Hoc|x86.Deploy.0 = Release|x86
		{C2E4FBC8-D2B5-4714-9092-48E301382BC9}.AppStore|Any CPU.ActiveCfg = Release|x86
		{C2E4FBC8-D2B5-4714-9092-48E301382BC9}.AppStore|Any CPU.Build.0 = Release|x86
		{C2E4FBC8-D2B5-4714-9092-48E301382BC9}.AppStore|Any CPU.Deploy.0 = Release|x86
		{C2E4FBC8-D2B5-4714-9092-48E301382BC9}.AppStore|ARM.ActiveCfg = Release|ARM
		{C2E4FBC8-D2B5-4714-9092-48E301382BC9}.AppStore|ARM.Build.0 = Release|ARM
		{C2E4FBC8-D2B5-4714-9092-48E301382BC9}.AppStore|ARM.Deploy.0 = Release|ARM
		{C2E4FBC8-D2B5-4714-9092-48E301382BC9}.AppStore|iPhone.ActiveCfg = Release|x86
		{C2E4FBC8-D2B5-4714-9092-48E301382BC9}.AppStore|iPhone.Build.0 = Release|x86
		{C2E4FBC8-D2B5-4714-9092-48E301382BC9}.AppStore|iPhone.Deploy.0 = Release|x86
		{C2E4FBC8-D2B5-4714-9092-48E301382BC9}.AppStore|iPhoneSimulator.ActiveCfg = Release|x86
		{C2E4FBC8-D2B5-4714-9092-48E301382BC9}.AppStore|iPhoneSimulator.Build.0 = Release|x86
		{C2E4FBC8-D2B5-4714-9092-48E301382BC9}.AppStore|iPhoneSimulator.Deploy.0 = Release|x86
		{C2E4FBC8-D2B5-4714-9092-48E301382BC9}.AppStore|x64.ActiveCfg = Release|x64
		{C2E4FBC8-D2B5-4714-9092-48E301382BC9}.AppStore|x64.Build.0 = Release|x64
		{C2E4FBC8-D2B5-4714-9092-48E301382BC9}.AppStore|x64.Deploy.0 = Release|x64
		{C2E4FBC8-D2B5-4714-9092-48E301382BC9}.AppStore|x86.ActiveCfg = Release|x86
		{C2E4FBC8-D2B5-4714-9092-48E301382BC9}.AppStore|x86.Build.0 = Release|x86
		{C2E4FBC8-D2B5-4714-9092-48E301382BC9}.AppStore|x86.Deploy.0 = Release|x86
		{C2E4FBC8-D2B5-4714-9092-48E301382BC9}.Debug|Any CPU.ActiveCfg = Debug|x86
		{C2E4FBC8-D2B5-4714-9092-48E301382BC9}.Debug|Any CPU.Build.0 = Debug|x86
		{C2E4FBC8-D2B5-4714-9092-48E301382BC9}.Debug|Any CPU.Deploy.0 = Debug|x86
		{C2E4FBC8-D2B5-4714-9092-48E301382BC9}.Debug|ARM.ActiveCfg = Debug|ARM
		{C2E4FBC8-D2B5-4714-9092-48E301382BC9}.Debug|ARM.Build.0 = Debug|ARM
		{C2E4FBC8-D2B5-4714-9092-48E301382BC9}.Debug|ARM.Deploy.0 = Debug|ARM
		{C2E4FBC8-D2B5-4714-9092-48E301382BC9}.Debug|iPhone.ActiveCfg = Debug|x86
		{C2E4FBC8-D2B5-4714-9092-48E301382BC9}.Debug|iPhone.Build.0 = Debug|x86
		{C2E4FBC8-D2B5-4714-9092-48E301382BC9}.Debug|iPhone.Deploy.0 = Debug|x86
		{C2E4FBC8-D2B5-4714-9092-48E301382BC9}.Debug|iPhoneSimulator.ActiveCfg = Debug|x86
		{C2E4FBC8-D2B5-4714-9092-48E301382BC9}.Debug|iPhoneSimulator.Build.0 = Debug|x86
		{C2E4FBC8-D2B5-4714-9092-48E301382BC9}.Debug|iPhoneSimulator.Deploy.0 = Debug|x86
		{C2E4FBC8-D2B5-4714-9092-48E301382BC9}.Debug|x64.ActiveCfg = Debug|x64
		{C2E4FBC8-D2B5-4714-9092-48E301382BC9}.Debug|x64.Build.0 = Debug|x64
		{C2E4FBC8-D2B5-4714-9092-48E301382BC9}.Debug|x64.Deploy.0 = Debug|x64
		{C2E4FBC8-D2B5-4714-9092-48E301382BC9}.Debug|x86.ActiveCfg = Debug|x86
		{C2E4FBC8-D2B5-4714-9092-48E301382BC9}.Debug|x86.Build.0 = Debug|x86
		{C2E4FBC8-D2B5-4714-9092-48E301382BC9}.Debug|x86.Deploy.0 = Debug|x86
		{C2E4FBC8-D2B5-4714-9092-48E301382BC9}.Release|Any CPU.ActiveCfg = Release|x86
		{C2E4FBC8-D2B5-4714-9092-48E301382BC9}.Release|Any CPU.Build.0 = Release|x86
		{C2E4FBC8-D2B5-4714-9092-48E301382BC9}.Release|Any CPU.Deploy.0 = Release|x86
		{C2E4FBC8-D2B5-4714-9092-48E301382BC9}.Release|ARM.ActiveCfg = Release|ARM
		{C2E4FBC8-D2B5-4714-9092-48E301382BC9}.Release|ARM.Build.0 = Release|ARM
		{C2E4FBC8-D2B5-4714-9092-48E301382BC9}.Release|ARM.Deploy.0 = Release|ARM
		{C2E4FBC8-D2B5-4714-9092-48E301382BC9}.Release|iPhone.ActiveCfg = Release|x86
		{C2E4FBC8-D2B5-4714-9092-48E301382BC9}.Release|iPhone.Build.0 = Release|x86
		{C2E4FBC8-D2B5-4714-9092-48E301382BC9}.Release|iPhone.Deploy.0 = Release|x86
		{C2E4FBC8-D2B5-4714-9092-48E301382BC9}.Release|iPhoneSimulator.ActiveCfg = Release|x86
		{C2E4FBC8-D2B5-4714-9092-48E301382BC9}.Release|iPhoneSimulator.Build.0 = Release|x86
		{C2E4FBC8-D2B5-4714-9092-48E301382BC9}.Release|iPhoneSimulator.Deploy.0 = Release|x86
		{C2E4FBC8-D2B5-4714-9092-48E301382BC9}.Release|x64.ActiveCfg = Release|x64
		{C2E4FBC8-D2B5-4714-9092-48E301382BC9}.Release|x64.Build.0 = Release|x64
		{C2E4FBC8-D2B5-4714-9092-48E301382BC9}.Release|x64.Deploy.0 = Release|x64
		{C2E4FBC8-D2B5-4714-9092-48E301382BC9}.Release|x86.ActiveCfg = Release|x86
		{C2E4FBC8-D2B5-4714-9092-48E301382BC9}.Release|x86.Build.0 = Release|x86
		{C2E4FBC8-D2B5-4714-9092-48E301382BC9}.Release|x86.Deploy.0 = Release|x86
		{0091344A-DE83-4811-8BB3-F53B88096071}.Ad-Hoc|Any CPU.ActiveCfg = Debug|Any CPU
		{0091344A-DE83-4811-8BB3-F53B88096071}.Ad-Hoc|Any CPU.Build.0 = Debug|Any CPU
		{0091344A-DE83-4811-8BB3-F53B88096071}.Ad-Hoc|Any CPU.Deploy.0 = Debug|Any CPU
		{0091344A-DE83-4811-8BB3-F53B88096071}.Ad-Hoc|ARM.ActiveCfg = Debug|Any CPU
		{0091344A-DE83-4811-8BB3-F53B88096071}.Ad-Hoc|ARM.Build.0 = Debug|Any CPU
		{0091344A-DE83-4811-8BB3-F53B88096071}.Ad-Hoc|ARM.Deploy.0 = Debug|Any CPU
		{0091344A-DE83-4811-8BB3-F53B88096071}.Ad-Hoc|iPhone.ActiveCfg = Debug|Any CPU
		{0091344A-DE83-4811-8BB3-F53B88096071}.Ad-Hoc|iPhone.Build.0 = Debug|Any CPU
		{0091344A-DE83-4811-8BB3-F53B88096071}.Ad-Hoc|iPhone.Deploy.0 = Debug|Any CPU
		{0091344A-DE83-4811-8BB3-F53B88096071}.Ad-Hoc|iPhoneSimulator.ActiveCfg = Debug|Any CPU
		{0091344A-DE83-4811-8BB3-F53B88096071}.Ad-Hoc|iPhoneSimulator.Build.0 = Debug|Any CPU
		{0091344A-DE83-4811-8BB3-F53B88096071}.Ad-Hoc|iPhoneSimulator.Deploy.0 = Debug|Any CPU
		{0091344A-DE83-4811-8BB3-F53B88096071}.Ad-Hoc|x64.ActiveCfg = Debug|Any CPU
		{0091344A-DE83-4811-8BB3-F53B88096071}.Ad-Hoc|x64.Build.0 = Debug|Any CPU
		{0091344A-DE83-4811-8BB3-F53B88096071}.Ad-Hoc|x64.Deploy.0 = Debug|Any CPU
		{0091344A-DE83-4811-8BB3-F53B88096071}.Ad-Hoc|x86.ActiveCfg = Debug|Any CPU
		{0091344A-DE83-4811-8BB3-F53B88096071}.Ad-Hoc|x86.Build.0 = Debug|Any CPU
		{0091344A-DE83-4811-8BB3-F53B88096071}.Ad-Hoc|x86.Deploy.0 = Debug|Any CPU
		{0091344A-DE83-4811-8BB3-F53B88096071}.AppStore|Any CPU.ActiveCfg = Debug|Any CPU
		{0091344A-DE83-4811-8BB3-F53B88096071}.AppStore|Any CPU.Build.0 = Debug|Any CPU
		{0091344A-DE83-4811-8BB3-F53B88096071}.AppStore|Any CPU.Deploy.0 = Debug|Any CPU
		{0091344A-DE83-4811-8BB3-F53B88096071}.AppStore|ARM.ActiveCfg = Debug|Any CPU
		{0091344A-DE83-4811-8BB3-F53B88096071}.AppStore|ARM.Build.0 = Debug|Any CPU
		{0091344A-DE83-4811-8BB3-F53B88096071}.AppStore|ARM.Deploy.0 = Debug|Any CPU
		{0091344A-DE83-4811-8BB3-F53B88096071}.AppStore|iPhone.ActiveCfg = Debug|Any CPU
		{0091344A-DE83-4811-8BB3-F53B88096071}.AppStore|iPhone.Build.0 = Debug|Any CPU
		{0091344A-DE83-4811-8BB3-F53B88096071}.AppStore|iPhone.Deploy.0 = Debug|Any CPU
		{0091344A-DE83-4811-8BB3-F53B88096071}.AppStore|iPhoneSimulator.ActiveCfg = Debug|Any CPU
		{0091344A-DE83-4811-8BB3-F53B88096071}.AppStore|iPhoneSimulator.Build.0 = Debug|Any CPU
		{0091344A-DE83-4811-8BB3-F53B88096071}.AppStore|iPhoneSimulator.Deploy.0 = Debug|Any CPU
		{0091344A-DE83-4811-8BB3-F53B88096071}.AppStore|x64.ActiveCfg = Debug|Any CPU
		{0091344A-DE83-4811-8BB3-F53B88096071}.AppStore|x64.Build.0 = Debug|Any CPU
		{0091344A-DE83-4811-8BB3-F53B88096071}.AppStore|x64.Deploy.0 = Debug|Any CPU
		{0091344A-DE83-4811-8BB3-F53B88096071}.AppStore|x86.ActiveCfg = Debug|Any CPU
		{0091344A-DE83-4811-8BB3-F53B88096071}.AppStore|x86.Build.0 = Debug|Any CPU
		{0091344A-DE83-4811-8BB3-F53B88096071}.AppStore|x86.Deploy.0 = Debug|Any CPU
		{0091344A-DE83-4811-8BB3-F53B88096071}.Debug|Any CPU.ActiveCfg = Debug|Any CPU
		{0091344A-DE83-4811-8BB3-F53B88096071}.Debug|Any CPU.Build.0 = Debug|Any CPU
		{0091344A-DE83-4811-8BB3-F53B88096071}.Debug|Any CPU.Deploy.0 = Debug|Any CPU
		{0091344A-DE83-4811-8BB3-F53B88096071}.Debug|ARM.ActiveCfg = Debug|Any CPU
		{0091344A-DE83-4811-8BB3-F53B88096071}.Debug|ARM.Build.0 = Debug|Any CPU
		{0091344A-DE83-4811-8BB3-F53B88096071}.Debug|ARM.Deploy.0 = Debug|Any CPU
		{0091344A-DE83-4811-8BB3-F53B88096071}.Debug|iPhone.ActiveCfg = Debug|Any CPU
		{0091344A-DE83-4811-8BB3-F53B88096071}.Debug|iPhone.Build.0 = Debug|Any CPU
		{0091344A-DE83-4811-8BB3-F53B88096071}.Debug|iPhone.Deploy.0 = Debug|Any CPU
		{0091344A-DE83-4811-8BB3-F53B88096071}.Debug|iPhoneSimulator.ActiveCfg = Debug|Any CPU
		{0091344A-DE83-4811-8BB3-F53B88096071}.Debug|iPhoneSimulator.Build.0 = Debug|Any CPU
		{0091344A-DE83-4811-8BB3-F53B88096071}.Debug|iPhoneSimulator.Deploy.0 = Debug|Any CPU
		{0091344A-DE83-4811-8BB3-F53B88096071}.Debug|x64.ActiveCfg = Debug|Any CPU
		{0091344A-DE83-4811-8BB3-F53B88096071}.Debug|x64.Build.0 = Debug|Any CPU
		{0091344A-DE83-4811-8BB3-F53B88096071}.Debug|x64.Deploy.0 = Debug|Any CPU
		{0091344A-DE83-4811-8BB3-F53B88096071}.Debug|x86.ActiveCfg = Debug|Any CPU
		{0091344A-DE83-4811-8BB3-F53B88096071}.Debug|x86.Build.0 = Debug|Any CPU
		{0091344A-DE83-4811-8BB3-F53B88096071}.Debug|x86.Deploy.0 = Debug|Any CPU
		{0091344A-DE83-4811-8BB3-F53B88096071}.Release|Any CPU.ActiveCfg = Release|Any CPU
		{0091344A-DE83-4811-8BB3-F53B88096071}.Release|Any CPU.Build.0 = Release|Any CPU
		{0091344A-DE83-4811-8BB3-F53B88096071}.Release|Any CPU.Deploy.0 = Release|Any CPU
		{0091344A-DE83-4811-8BB3-F53B88096071}.Release|ARM.ActiveCfg = Release|Any CPU
		{0091344A-DE83-4811-8BB3-F53B88096071}.Release|ARM.Build.0 = Release|Any CPU
		{0091344A-DE83-4811-8BB3-F53B88096071}.Release|ARM.Deploy.0 = Release|Any CPU
		{0091344A-DE83-4811-8BB3-F53B88096071}.Release|iPhone.ActiveCfg = Release|Any CPU
		{0091344A-DE83-4811-8BB3-F53B88096071}.Release|iPhone.Build.0 = Release|Any CPU
		{0091344A-DE83-4811-8BB3-F53B88096071}.Release|iPhone.Deploy.0 = Release|Any CPU
		{0091344A-DE83-4811-8BB3-F53B88096071}.Release|iPhoneSimulator.ActiveCfg = Release|Any CPU
		{0091344A-DE83-4811-8BB3-F53B88096071}.Release|iPhoneSimulator.Build.0 = Release|Any CPU
		{0091344A-DE83-4811-8BB3-F53B88096071}.Release|iPhoneSimulator.Deploy.0 = Release|Any CPU
		{0091344A-DE83-4811-8BB3-F53B88096071}.Release|x64.ActiveCfg = Release|Any CPU
		{0091344A-DE83-4811-8BB3-F53B88096071}.Release|x64.Build.0 = Release|Any CPU
		{0091344A-DE83-4811-8BB3-F53B88096071}.Release|x64.Deploy.0 = Release|Any CPU
		{0091344A-DE83-4811-8BB3-F53B88096071}.Release|x86.ActiveCfg = Release|Any CPU
		{0091344A-DE83-4811-8BB3-F53B88096071}.Release|x86.Build.0 = Release|Any CPU
		{0091344A-DE83-4811-8BB3-F53B88096071}.Release|x86.Deploy.0 = Release|Any CPU
		{2B646F88-8011-4F07-99AB-47D986C6C215}.Ad-Hoc|Any CPU.ActiveCfg = Release|Any CPU
		{2B646F88-8011-4F07-99AB-47D986C6C215}.Ad-Hoc|Any CPU.Build.0 = Release|Any CPU
		{2B646F88-8011-4F07-99AB-47D986C6C215}.Ad-Hoc|Any CPU.Deploy.0 = Release|Any CPU
		{2B646F88-8011-4F07-99AB-47D986C6C215}.Ad-Hoc|ARM.ActiveCfg = Release|Any CPU
		{2B646F88-8011-4F07-99AB-47D986C6C215}.Ad-Hoc|ARM.Build.0 = Release|Any CPU
		{2B646F88-8011-4F07-99AB-47D986C6C215}.Ad-Hoc|ARM.Deploy.0 = Release|Any CPU
		{2B646F88-8011-4F07-99AB-47D986C6C215}.Ad-Hoc|iPhone.ActiveCfg = Release|Any CPU
		{2B646F88-8011-4F07-99AB-47D986C6C215}.Ad-Hoc|iPhone.Build.0 = Release|Any CPU
		{2B646F88-8011-4F07-99AB-47D986C6C215}.Ad-Hoc|iPhone.Deploy.0 = Release|Any CPU
		{2B646F88-8011-4F07-99AB-47D986C6C215}.Ad-Hoc|iPhoneSimulator.ActiveCfg = Release|Any CPU
		{2B646F88-8011-4F07-99AB-47D986C6C215}.Ad-Hoc|iPhoneSimulator.Build.0 = Release|Any CPU
		{2B646F88-8011-4F07-99AB-47D986C6C215}.Ad-Hoc|iPhoneSimulator.Deploy.0 = Release|Any CPU
		{2B646F88-8011-4F07-99AB-47D986C6C215}.Ad-Hoc|x64.ActiveCfg = Release|Any CPU
		{2B646F88-8011-4F07-99AB-47D986C6C215}.Ad-Hoc|x64.Build.0 = Release|Any CPU
		{2B646F88-8011-4F07-99AB-47D986C6C215}.Ad-Hoc|x64.Deploy.0 = Release|Any CPU
		{2B646F88-8011-4F07-99AB-47D986C6C215}.Ad-Hoc|x86.ActiveCfg = Release|Any CPU
		{2B646F88-8011-4F07-99AB-47D986C6C215}.Ad-Hoc|x86.Build.0 = Release|Any CPU
		{2B646F88-8011-4F07-99AB-47D986C6C215}.Ad-Hoc|x86.Deploy.0 = Release|Any CPU
		{2B646F88-8011-4F07-99AB-47D986C6C215}.AppStore|Any CPU.ActiveCfg = Release|Any CPU
		{2B646F88-8011-4F07-99AB-47D986C6C215}.AppStore|Any CPU.Build.0 = Release|Any CPU
		{2B646F88-8011-4F07-99AB-47D986C6C215}.AppStore|Any CPU.Deploy.0 = Release|Any CPU
		{2B646F88-8011-4F07-99AB-47D986C6C215}.AppStore|ARM.ActiveCfg = Release|Any CPU
		{2B646F88-8011-4F07-99AB-47D986C6C215}.AppStore|ARM.Build.0 = Release|Any CPU
		{2B646F88-8011-4F07-99AB-47D986C6C215}.AppStore|ARM.Deploy.0 = Release|Any CPU
		{2B646F88-8011-4F07-99AB-47D986C6C215}.AppStore|iPhone.ActiveCfg = Release|Any CPU
		{2B646F88-8011-4F07-99AB-47D986C6C215}.AppStore|iPhone.Build.0 = Release|Any CPU
		{2B646F88-8011-4F07-99AB-47D986C6C215}.AppStore|iPhone.Deploy.0 = Release|Any CPU
		{2B646F88-8011-4F07-99AB-47D986C6C215}.AppStore|iPhoneSimulator.ActiveCfg = Release|Any CPU
		{2B646F88-8011-4F07-99AB-47D986C6C215}.AppStore|iPhoneSimulator.Build.0 = Release|Any CPU
		{2B646F88-8011-4F07-99AB-47D986C6C215}.AppStore|iPhoneSimulator.Deploy.0 = Release|Any CPU
		{2B646F88-8011-4F07-99AB-47D986C6C215}.AppStore|x64.ActiveCfg = Release|Any CPU
		{2B646F88-8011-4F07-99AB-47D986C6C215}.AppStore|x64.Build.0 = Release|Any CPU
		{2B646F88-8011-4F07-99AB-47D986C6C215}.AppStore|x64.Deploy.0 = Release|Any CPU
		{2B646F88-8011-4F07-99AB-47D986C6C215}.AppStore|x86.ActiveCfg = Release|Any CPU
		{2B646F88-8011-4F07-99AB-47D986C6C215}.AppStore|x86.Build.0 = Release|Any CPU
		{2B646F88-8011-4F07-99AB-47D986C6C215}.AppStore|x86.Deploy.0 = Release|Any CPU
		{2B646F88-8011-4F07-99AB-47D986C6C215}.Debug|Any CPU.ActiveCfg = Debug|Any CPU
		{2B646F88-8011-4F07-99AB-47D986C6C215}.Debug|Any CPU.Build.0 = Debug|Any CPU
		{2B646F88-8011-4F07-99AB-47D986C6C215}.Debug|Any CPU.Deploy.0 = Debug|Any CPU
		{2B646F88-8011-4F07-99AB-47D986C6C215}.Debug|ARM.ActiveCfg = Debug|Any CPU
		{2B646F88-8011-4F07-99AB-47D986C6C215}.Debug|ARM.Build.0 = Debug|Any CPU
		{2B646F88-8011-4F07-99AB-47D986C6C215}.Debug|ARM.Deploy.0 = Debug|Any CPU
		{2B646F88-8011-4F07-99AB-47D986C6C215}.Debug|iPhone.ActiveCfg = Debug|Any CPU
		{2B646F88-8011-4F07-99AB-47D986C6C215}.Debug|iPhone.Build.0 = Debug|Any CPU
		{2B646F88-8011-4F07-99AB-47D986C6C215}.Debug|iPhone.Deploy.0 = Debug|Any CPU
		{2B646F88-8011-4F07-99AB-47D986C6C215}.Debug|iPhoneSimulator.ActiveCfg = Debug|Any CPU
		{2B646F88-8011-4F07-99AB-47D986C6C215}.Debug|iPhoneSimulator.Build.0 = Debug|Any CPU
		{2B646F88-8011-4F07-99AB-47D986C6C215}.Debug|iPhoneSimulator.Deploy.0 = Debug|Any CPU
		{2B646F88-8011-4F07-99AB-47D986C6C215}.Debug|x64.ActiveCfg = Debug|Any CPU
		{2B646F88-8011-4F07-99AB-47D986C6C215}.Debug|x64.Build.0 = Debug|Any CPU
		{2B646F88-8011-4F07-99AB-47D986C6C215}.Debug|x64.Deploy.0 = Debug|Any CPU
		{2B646F88-8011-4F07-99AB-47D986C6C215}.Debug|x86.ActiveCfg = Debug|Any CPU
		{2B646F88-8011-4F07-99AB-47D986C6C215}.Debug|x86.Build.0 = Debug|Any CPU
		{2B646F88-8011-4F07-99AB-47D986C6C215}.Debug|x86.Deploy.0 = Debug|Any CPU
		{2B646F88-8011-4F07-99AB-47D986C6C215}.Release|Any CPU.ActiveCfg = Release|Any CPU
		{2B646F88-8011-4F07-99AB-47D986C6C215}.Release|Any CPU.Build.0 = Release|Any CPU
		{2B646F88-8011-4F07-99AB-47D986C6C215}.Release|Any CPU.Deploy.0 = Release|Any CPU
		{2B646F88-8011-4F07-99AB-47D986C6C215}.Release|ARM.ActiveCfg = Release|Any CPU
		{2B646F88-8011-4F07-99AB-47D986C6C215}.Release|ARM.Build.0 = Release|Any CPU
		{2B646F88-8011-4F07-99AB-47D986C6C215}.Release|ARM.Deploy.0 = Release|Any CPU
		{2B646F88-8011-4F07-99AB-47D986C6C215}.Release|iPhone.ActiveCfg = Release|Any CPU
		{2B646F88-8011-4F07-99AB-47D986C6C215}.Release|iPhone.Build.0 = Release|Any CPU
		{2B646F88-8011-4F07-99AB-47D986C6C215}.Release|iPhone.Deploy.0 = Release|Any CPU
		{2B646F88-8011-4F07-99AB-47D986C6C215}.Release|iPhoneSimulator.ActiveCfg = Release|Any CPU
		{2B646F88-8011-4F07-99AB-47D986C6C215}.Release|iPhoneSimulator.Build.0 = Release|Any CPU
		{2B646F88-8011-4F07-99AB-47D986C6C215}.Release|iPhoneSimulator.Deploy.0 = Release|Any CPU
		{2B646F88-8011-4F07-99AB-47D986C6C215}.Release|x64.ActiveCfg = Release|Any CPU
		{2B646F88-8011-4F07-99AB-47D986C6C215}.Release|x64.Build.0 = Release|Any CPU
		{2B646F88-8011-4F07-99AB-47D986C6C215}.Release|x64.Deploy.0 = Release|Any CPU
		{2B646F88-8011-4F07-99AB-47D986C6C215}.Release|x86.ActiveCfg = Release|Any CPU
		{2B646F88-8011-4F07-99AB-47D986C6C215}.Release|x86.Build.0 = Release|Any CPU
		{2B646F88-8011-4F07-99AB-47D986C6C215}.Release|x86.Deploy.0 = Release|Any CPU
	EndGlobalSection
	GlobalSection(SolutionProperties) = preSolution
		HideSolutionNode = FALSE
	EndGlobalSection
	GlobalSection(ExtensibilityGlobals) = postSolution
		SolutionGuid = {21D37FA4-6961-4A6B-BA1F-4736797EBE20}
	EndGlobalSection
EndGlobal
